
Microsoft Visual Studio Solution File, Format Version 12.00
# Visual Studio Version 17
VisualStudioVersion = 17.0.31423.177
MinimumVisualStudioVersion = 10.0.40219.1
Project("{2150E333-8FDC-42A3-9474-1A3956D46DE8}") = "root", "root", "{F02DBEDA-6AEB-461A-9557-DA7E2CB56C5A}"
	ProjectSection(SolutionItems) = preProject
		..\.travis.yml = ..\.travis.yml
		..\LICENSE = ..\LICENSE
		..\README.md = ..\README.md
	EndProjectSection
EndProject
Project("{2150E333-8FDC-42A3-9474-1A3956D46DE8}") = "DevTools", "DevTools", "{3C626068-E8CE-4F62-8974-F42A56F4EFD3}"
EndProject
Project("{2150E333-8FDC-42A3-9474-1A3956D46DE8}") = "Interpreters", "Interpreters", "{16A9EA72-79A5-448D-B7A3-55E7D8362479}"
EndProject
Project("{2150E333-8FDC-42A3-9474-1A3956D46DE8}") = "Distribution", "Distribution", "{59F722D5-6E5C-4544-A849-18E7CE876FDF}"
EndProject
Project("{2150E333-8FDC-42A3-9474-1A3956D46DE8}") = "Extensions", "Extensions", "{32D6B30B-3970-45A0-AE63-2150CAEC325A}"
EndProject
Project("{FAE04EC0-301F-11D3-BF4B-00C04F79EFBC}") = "MoonSharp", "MoonSharp\MoonSharp.csproj", "{2A4BD262-D6EB-4611-A28B-27B6DAEB089B}"
EndProject
Project("{FAE04EC0-301F-11D3-BF4B-00C04F79EFBC}") = "MoonSharp.VmDebugger", "DevTools\MoonSharp.VmDebugger\MoonSharp.VmDebugger.csproj", "{F4F82CCE-2E13-441B-939C-63CF2343B1C9}"
EndProject
Project("{FAE04EC0-301F-11D3-BF4B-00C04F79EFBC}") = "PerformanceComparison", "DevTools\PerformanceComparison\PerformanceComparison.csproj", "{01C3C379-C816-4779-942D-0263763F8EA5}"
EndProject
Project("{FAE04EC0-301F-11D3-BF4B-00C04F79EFBC}") = "SynchProjects", "DevTools\SynchProjects\SynchProjects.csproj", "{321C9CCF-6F9B-4751-AB34-882DEE982A7E}"
EndProject
Project("{9A19103F-16F7-4668-BE54-9A1E7A4F7556}") = "MoonSharp.Interpreter.netcore", "MoonSharp.Interpreter\_Projects\MoonSharp.Interpreter.netcore\MoonSharp.Interpreter.netcore.csproj", "{CB2CB168-36C8-4D55-809C-7061CF4F6854}"
EndProject
Project("{2150E333-8FDC-42A3-9474-1A3956D46DE8}") = "Solution Items", "Solution Items", "{6604B4EB-3418-4AD6-8D9C-02A86274A6E7}"
	ProjectSection(SolutionItems) = preProject
		global.json = global.json
	EndProjectSection
EndProject
Project("{2150E333-8FDC-42A3-9474-1A3956D46DE8}") = "Tests", "Tests", "{3135473A-60A6-48DB-BA63-BB6B238DDFD8}"
EndProject
Project("{FAE04EC0-301F-11D3-BF4B-00C04F79EFBC}") = "TestProject1", "TestProject1\TestProject1.csproj", "{60B18853-B2E3-41BF-B29A-8193B88CE4A1}"
EndProject
Global
	GlobalSection(SolutionConfigurationPlatforms) = preSolution
		CI|Any CPU = CI|Any CPU
		CI|ARM = CI|ARM
		CI|x64 = CI|x64
		CI|x86 = CI|x86
		Debug|Any CPU = Debug|Any CPU
		Debug|ARM = Debug|ARM
		Debug|x64 = Debug|x64
		Debug|x86 = Debug|x86
		Dev|Any CPU = Dev|Any CPU
		Dev|ARM = Dev|ARM
		Dev|x64 = Dev|x64
		Dev|x86 = Dev|x86
		Devp4|Any CPU = Devp4|Any CPU
		Devp4|ARM = Devp4|ARM
		Devp4|x64 = Devp4|x64
		Devp4|x86 = Devp4|x86
		Release|Any CPU = Release|Any CPU
		Release|ARM = Release|ARM
		Release|x64 = Release|x64
		Release|x86 = Release|x86
	EndGlobalSection
	GlobalSection(ProjectConfigurationPlatforms) = postSolution
		{2A4BD262-D6EB-4611-A28B-27B6DAEB089B}.CI|Any CPU.ActiveCfg = Release|Any CPU
		{2A4BD262-D6EB-4611-A28B-27B6DAEB089B}.CI|Any CPU.Build.0 = Release|Any CPU
		{2A4BD262-D6EB-4611-A28B-27B6DAEB089B}.CI|ARM.ActiveCfg = Release|Any CPU
		{2A4BD262-D6EB-4611-A28B-27B6DAEB089B}.CI|x64.ActiveCfg = Release|Any CPU
		{2A4BD262-D6EB-4611-A28B-27B6DAEB089B}.CI|x86.ActiveCfg = Release|x86
		{2A4BD262-D6EB-4611-A28B-27B6DAEB089B}.CI|x86.Build.0 = Release|x86
		{2A4BD262-D6EB-4611-A28B-27B6DAEB089B}.Debug|Any CPU.ActiveCfg = Debug|Any CPU
		{2A4BD262-D6EB-4611-A28B-27B6DAEB089B}.Debug|Any CPU.Build.0 = Debug|Any CPU
		{2A4BD262-D6EB-4611-A28B-27B6DAEB089B}.Debug|ARM.ActiveCfg = Debug|Any CPU
		{2A4BD262-D6EB-4611-A28B-27B6DAEB089B}.Debug|x64.ActiveCfg = Debug|Any CPU
		{2A4BD262-D6EB-4611-A28B-27B6DAEB089B}.Debug|x86.ActiveCfg = Debug|x86
		{2A4BD262-D6EB-4611-A28B-27B6DAEB089B}.Debug|x86.Build.0 = Debug|x86
		{2A4BD262-D6EB-4611-A28B-27B6DAEB089B}.Dev|Any CPU.ActiveCfg = Dev|Any CPU
		{2A4BD262-D6EB-4611-A28B-27B6DAEB089B}.Dev|Any CPU.Build.0 = Dev|Any CPU
		{2A4BD262-D6EB-4611-A28B-27B6DAEB089B}.Dev|ARM.ActiveCfg = Dev|Any CPU
		{2A4BD262-D6EB-4611-A28B-27B6DAEB089B}.Dev|x64.ActiveCfg = Dev|Any CPU
		{2A4BD262-D6EB-4611-A28B-27B6DAEB089B}.Dev|x86.ActiveCfg = Dev|x86
		{2A4BD262-D6EB-4611-A28B-27B6DAEB089B}.Dev|x86.Build.0 = Dev|x86
		{2A4BD262-D6EB-4611-A28B-27B6DAEB089B}.Devp4|Any CPU.ActiveCfg = Devp4|Any CPU
		{2A4BD262-D6EB-4611-A28B-27B6DAEB089B}.Devp4|ARM.ActiveCfg = Devp4|Any CPU
		{2A4BD262-D6EB-4611-A28B-27B6DAEB089B}.Devp4|x64.ActiveCfg = Devp4|Any CPU
		{2A4BD262-D6EB-4611-A28B-27B6DAEB089B}.Devp4|x86.ActiveCfg = Devp4|x86
		{2A4BD262-D6EB-4611-A28B-27B6DAEB089B}.Devp4|x86.Build.0 = Devp4|x86
		{2A4BD262-D6EB-4611-A28B-27B6DAEB089B}.Release|Any CPU.ActiveCfg = Release|Any CPU
		{2A4BD262-D6EB-4611-A28B-27B6DAEB089B}.Release|Any CPU.Build.0 = Release|Any CPU
		{2A4BD262-D6EB-4611-A28B-27B6DAEB089B}.Release|ARM.ActiveCfg = Release|Any CPU
		{2A4BD262-D6EB-4611-A28B-27B6DAEB089B}.Release|x64.ActiveCfg = Release|Any CPU
		{2A4BD262-D6EB-4611-A28B-27B6DAEB089B}.Release|x86.ActiveCfg = Release|x86
		{2A4BD262-D6EB-4611-A28B-27B6DAEB089B}.Release|x86.Build.0 = Release|x86
		{F4F82CCE-2E13-441B-939C-63CF2343B1C9}.CI|Any CPU.ActiveCfg = Release|Any CPU
		{F4F82CCE-2E13-441B-939C-63CF2343B1C9}.CI|Any CPU.Build.0 = Release|Any CPU
		{F4F82CCE-2E13-441B-939C-63CF2343B1C9}.CI|ARM.ActiveCfg = Release|Any CPU
		{F4F82CCE-2E13-441B-939C-63CF2343B1C9}.CI|x64.ActiveCfg = Release|Any CPU
		{F4F82CCE-2E13-441B-939C-63CF2343B1C9}.CI|x86.ActiveCfg = Release|x86
		{F4F82CCE-2E13-441B-939C-63CF2343B1C9}.CI|x86.Build.0 = Release|x86
		{F4F82CCE-2E13-441B-939C-63CF2343B1C9}.Debug|Any CPU.ActiveCfg = Debug|Any CPU
		{F4F82CCE-2E13-441B-939C-63CF2343B1C9}.Debug|Any CPU.Build.0 = Debug|Any CPU
		{F4F82CCE-2E13-441B-939C-63CF2343B1C9}.Debug|ARM.ActiveCfg = Debug|Any CPU
		{F4F82CCE-2E13-441B-939C-63CF2343B1C9}.Debug|x64.ActiveCfg = Debug|Any CPU
		{F4F82CCE-2E13-441B-939C-63CF2343B1C9}.Debug|x86.ActiveCfg = Debug|x86
		{F4F82CCE-2E13-441B-939C-63CF2343B1C9}.Debug|x86.Build.0 = Debug|x86
		{F4F82CCE-2E13-441B-939C-63CF2343B1C9}.Dev|Any CPU.ActiveCfg = Dev|Any CPU
		{F4F82CCE-2E13-441B-939C-63CF2343B1C9}.Dev|Any CPU.Build.0 = Dev|Any CPU
		{F4F82CCE-2E13-441B-939C-63CF2343B1C9}.Dev|ARM.ActiveCfg = Dev|Any CPU
		{F4F82CCE-2E13-441B-939C-63CF2343B1C9}.Dev|x64.ActiveCfg = Dev|Any CPU
		{F4F82CCE-2E13-441B-939C-63CF2343B1C9}.Dev|x86.ActiveCfg = Dev|x86
		{F4F82CCE-2E13-441B-939C-63CF2343B1C9}.Dev|x86.Build.0 = Dev|x86
		{F4F82CCE-2E13-441B-939C-63CF2343B1C9}.Devp4|Any CPU.ActiveCfg = Devp4|Any CPU
		{F4F82CCE-2E13-441B-939C-63CF2343B1C9}.Devp4|ARM.ActiveCfg = Devp4|Any CPU
		{F4F82CCE-2E13-441B-939C-63CF2343B1C9}.Devp4|x64.ActiveCfg = Devp4|Any CPU
		{F4F82CCE-2E13-441B-939C-63CF2343B1C9}.Devp4|x86.ActiveCfg = Devp4|x86
		{F4F82CCE-2E13-441B-939C-63CF2343B1C9}.Devp4|x86.Build.0 = Devp4|x86
		{F4F82CCE-2E13-441B-939C-63CF2343B1C9}.Release|Any CPU.ActiveCfg = Release|Any CPU
		{F4F82CCE-2E13-441B-939C-63CF2343B1C9}.Release|Any CPU.Build.0 = Release|Any CPU
		{F4F82CCE-2E13-441B-939C-63CF2343B1C9}.Release|ARM.ActiveCfg = Release|Any CPU
		{F4F82CCE-2E13-441B-939C-63CF2343B1C9}.Release|x64.ActiveCfg = Release|Any CPU
		{F4F82CCE-2E13-441B-939C-63CF2343B1C9}.Release|x86.ActiveCfg = Release|x86
		{F4F82CCE-2E13-441B-939C-63CF2343B1C9}.Release|x86.Build.0 = Release|x86
		{01C3C379-C816-4779-942D-0263763F8EA5}.CI|Any CPU.ActiveCfg = Release|Any CPU
		{01C3C379-C816-4779-942D-0263763F8EA5}.CI|ARM.ActiveCfg = Release|Any CPU
		{01C3C379-C816-4779-942D-0263763F8EA5}.CI|x64.ActiveCfg = Release|Any CPU
		{01C3C379-C816-4779-942D-0263763F8EA5}.CI|x86.ActiveCfg = Release|x86
		{01C3C379-C816-4779-942D-0263763F8EA5}.CI|x86.Build.0 = Release|x86
		{01C3C379-C816-4779-942D-0263763F8EA5}.Debug|Any CPU.ActiveCfg = Debug|Any CPU
		{01C3C379-C816-4779-942D-0263763F8EA5}.Debug|ARM.ActiveCfg = Debug|Any CPU
		{01C3C379-C816-4779-942D-0263763F8EA5}.Debug|x64.ActiveCfg = Debug|Any CPU
		{01C3C379-C816-4779-942D-0263763F8EA5}.Debug|x86.ActiveCfg = Debug|x86
		{01C3C379-C816-4779-942D-0263763F8EA5}.Debug|x86.Build.0 = Debug|x86
		{01C3C379-C816-4779-942D-0263763F8EA5}.Dev|Any CPU.ActiveCfg = Dev|Any CPU
		{01C3C379-C816-4779-942D-0263763F8EA5}.Dev|ARM.ActiveCfg = Dev|Any CPU
		{01C3C379-C816-4779-942D-0263763F8EA5}.Dev|x64.ActiveCfg = Dev|Any CPU
		{01C3C379-C816-4779-942D-0263763F8EA5}.Dev|x86.ActiveCfg = Dev|x86
		{01C3C379-C816-4779-942D-0263763F8EA5}.Dev|x86.Build.0 = Dev|x86
		{01C3C379-C816-4779-942D-0263763F8EA5}.Devp4|Any CPU.ActiveCfg = Devp4|Any CPU
		{01C3C379-C816-4779-942D-0263763F8EA5}.Devp4|ARM.ActiveCfg = Devp4|Any CPU
		{01C3C379-C816-4779-942D-0263763F8EA5}.Devp4|x64.ActiveCfg = Devp4|Any CPU
		{01C3C379-C816-4779-942D-0263763F8EA5}.Devp4|x86.ActiveCfg = Devp4|x86
		{01C3C379-C816-4779-942D-0263763F8EA5}.Devp4|x86.Build.0 = Devp4|x86
		{01C3C379-C816-4779-942D-0263763F8EA5}.Release|Any CPU.ActiveCfg = Release|Any CPU
		{01C3C379-C816-4779-942D-0263763F8EA5}.Release|ARM.ActiveCfg = Release|Any CPU
		{01C3C379-C816-4779-942D-0263763F8EA5}.Release|x64.ActiveCfg = Release|Any CPU
		{01C3C379-C816-4779-942D-0263763F8EA5}.Release|x86.ActiveCfg = Release|x86
		{01C3C379-C816-4779-942D-0263763F8EA5}.Release|x86.Build.0 = Release|x86
		{321C9CCF-6F9B-4751-AB34-882DEE982A7E}.CI|Any CPU.ActiveCfg = Release|Any CPU
		{321C9CCF-6F9B-4751-AB34-882DEE982A7E}.CI|ARM.ActiveCfg = Release|Any CPU
		{321C9CCF-6F9B-4751-AB34-882DEE982A7E}.CI|x64.ActiveCfg = Release|Any CPU
		{321C9CCF-6F9B-4751-AB34-882DEE982A7E}.CI|x86.ActiveCfg = Release|Any CPU
		{321C9CCF-6F9B-4751-AB34-882DEE982A7E}.Debug|Any CPU.ActiveCfg = Debug|Any CPU
		{321C9CCF-6F9B-4751-AB34-882DEE982A7E}.Debug|Any CPU.Build.0 = Debug|Any CPU
		{321C9CCF-6F9B-4751-AB34-882DEE982A7E}.Debug|ARM.ActiveCfg = Debug|Any CPU
		{321C9CCF-6F9B-4751-AB34-882DEE982A7E}.Debug|x64.ActiveCfg = Debug|Any CPU
		{321C9CCF-6F9B-4751-AB34-882DEE982A7E}.Debug|x86.ActiveCfg = Debug|Any CPU
		{321C9CCF-6F9B-4751-AB34-882DEE982A7E}.Dev|Any CPU.ActiveCfg = Dev|Any CPU
		{321C9CCF-6F9B-4751-AB34-882DEE982A7E}.Dev|Any CPU.Build.0 = Dev|Any CPU
		{321C9CCF-6F9B-4751-AB34-882DEE982A7E}.Dev|ARM.ActiveCfg = Dev|Any CPU
		{321C9CCF-6F9B-4751-AB34-882DEE982A7E}.Dev|x64.ActiveCfg = Dev|Any CPU
		{321C9CCF-6F9B-4751-AB34-882DEE982A7E}.Dev|x86.ActiveCfg = Dev|Any CPU
		{321C9CCF-6F9B-4751-AB34-882DEE982A7E}.Devp4|Any CPU.ActiveCfg = Devp4|Any CPU
		{321C9CCF-6F9B-4751-AB34-882DEE982A7E}.Devp4|Any CPU.Build.0 = Devp4|Any CPU
		{321C9CCF-6F9B-4751-AB34-882DEE982A7E}.Devp4|ARM.ActiveCfg = Devp4|Any CPU
		{321C9CCF-6F9B-4751-AB34-882DEE982A7E}.Devp4|x64.ActiveCfg = Devp4|Any CPU
		{321C9CCF-6F9B-4751-AB34-882DEE982A7E}.Devp4|x86.ActiveCfg = Devp4|Any CPU
		{321C9CCF-6F9B-4751-AB34-882DEE982A7E}.Release|Any CPU.ActiveCfg = Release|Any CPU
		{321C9CCF-6F9B-4751-AB34-882DEE982A7E}.Release|Any CPU.Build.0 = Release|Any CPU
		{321C9CCF-6F9B-4751-AB34-882DEE982A7E}.Release|ARM.ActiveCfg = Release|Any CPU
		{321C9CCF-6F9B-4751-AB34-882DEE982A7E}.Release|x64.ActiveCfg = Release|Any CPU
		{321C9CCF-6F9B-4751-AB34-882DEE982A7E}.Release|x86.ActiveCfg = Release|Any CPU
		{CB2CB168-36C8-4D55-809C-7061CF4F6854}.CI|Any CPU.ActiveCfg = Debug|Any CPU
		{CB2CB168-36C8-4D55-809C-7061CF4F6854}.CI|Any CPU.Build.0 = Debug|Any CPU
		{CB2CB168-36C8-4D55-809C-7061CF4F6854}.CI|ARM.ActiveCfg = Debug|Any CPU
		{CB2CB168-36C8-4D55-809C-7061CF4F6854}.CI|ARM.Build.0 = Debug|Any CPU
		{CB2CB168-36C8-4D55-809C-7061CF4F6854}.CI|x64.ActiveCfg = Debug|Any CPU
		{CB2CB168-36C8-4D55-809C-7061CF4F6854}.CI|x64.Build.0 = Debug|Any CPU
		{CB2CB168-36C8-4D55-809C-7061CF4F6854}.CI|x86.ActiveCfg = Debug|Any CPU
		{CB2CB168-36C8-4D55-809C-7061CF4F6854}.CI|x86.Build.0 = Debug|Any CPU
		{CB2CB168-36C8-4D55-809C-7061CF4F6854}.Debug|Any CPU.ActiveCfg = Debug|Any CPU
		{CB2CB168-36C8-4D55-809C-7061CF4F6854}.Debug|Any CPU.Build.0 = Debug|Any CPU
		{CB2CB168-36C8-4D55-809C-7061CF4F6854}.Debug|ARM.ActiveCfg = Debug|Any CPU
		{CB2CB168-36C8-4D55-809C-7061CF4F6854}.Debug|ARM.Build.0 = Debug|Any CPU
		{CB2CB168-36C8-4D55-809C-7061CF4F6854}.Debug|x64.ActiveCfg = Debug|Any CPU
		{CB2CB168-36C8-4D55-809C-7061CF4F6854}.Debug|x64.Build.0 = Debug|Any CPU
		{CB2CB168-36C8-4D55-809C-7061CF4F6854}.Debug|x86.ActiveCfg = Debug|Any CPU
		{CB2CB168-36C8-4D55-809C-7061CF4F6854}.Debug|x86.Build.0 = Debug|Any CPU
		{CB2CB168-36C8-4D55-809C-7061CF4F6854}.Dev|Any CPU.ActiveCfg = Debug|Any CPU
		{CB2CB168-36C8-4D55-809C-7061CF4F6854}.Dev|Any CPU.Build.0 = Debug|Any CPU
		{CB2CB168-36C8-4D55-809C-7061CF4F6854}.Dev|ARM.ActiveCfg = Debug|Any CPU
		{CB2CB168-36C8-4D55-809C-7061CF4F6854}.Dev|ARM.Build.0 = Debug|Any CPU
		{CB2CB168-36C8-4D55-809C-7061CF4F6854}.Dev|x64.ActiveCfg = Debug|Any CPU
		{CB2CB168-36C8-4D55-809C-7061CF4F6854}.Dev|x64.Build.0 = Debug|Any CPU
		{CB2CB168-36C8-4D55-809C-7061CF4F6854}.Dev|x86.ActiveCfg = Debug|Any CPU
		{CB2CB168-36C8-4D55-809C-7061CF4F6854}.Dev|x86.Build.0 = Debug|Any CPU
		{CB2CB168-36C8-4D55-809C-7061CF4F6854}.Devp4|Any CPU.ActiveCfg = Debug|Any CPU
		{CB2CB168-36C8-4D55-809C-7061CF4F6854}.Devp4|Any CPU.Build.0 = Debug|Any CPU
		{CB2CB168-36C8-4D55-809C-7061CF4F6854}.Devp4|ARM.ActiveCfg = Debug|Any CPU
		{CB2CB168-36C8-4D55-809C-7061CF4F6854}.Devp4|ARM.Build.0 = Debug|Any CPU
		{CB2CB168-36C8-4D55-809C-7061CF4F6854}.Devp4|x64.ActiveCfg = Debug|Any CPU
		{CB2CB168-36C8-4D55-809C-7061CF4F6854}.Devp4|x64.Build.0 = Debug|Any CPU
		{CB2CB168-36C8-4D55-809C-7061CF4F6854}.Devp4|x86.ActiveCfg = Debug|Any CPU
		{CB2CB168-36C8-4D55-809C-7061CF4F6854}.Devp4|x86.Build.0 = Debug|Any CPU
		{CB2CB168-36C8-4D55-809C-7061CF4F6854}.Release|Any CPU.ActiveCfg = Release|Any CPU
		{CB2CB168-36C8-4D55-809C-7061CF4F6854}.Release|Any CPU.Build.0 = Release|Any CPU
		{CB2CB168-36C8-4D55-809C-7061CF4F6854}.Release|ARM.ActiveCfg = Release|Any CPU
		{CB2CB168-36C8-4D55-809C-7061CF4F6854}.Release|ARM.Build.0 = Release|Any CPU
		{CB2CB168-36C8-4D55-809C-7061CF4F6854}.Release|x64.ActiveCfg = Release|Any CPU
		{CB2CB168-36C8-4D55-809C-7061CF4F6854}.Release|x64.Build.0 = Release|Any CPU
		{CB2CB168-36C8-4D55-809C-7061CF4F6854}.Release|x86.ActiveCfg = Release|Any CPU
		{CB2CB168-36C8-4D55-809C-7061CF4F6854}.Release|x86.Build.0 = Release|Any CPU
		{60B18853-B2E3-41BF-B29A-8193B88CE4A1}.CI|Any CPU.ActiveCfg = Debug|Any CPU
		{60B18853-B2E3-41BF-B29A-8193B88CE4A1}.CI|Any CPU.Build.0 = Debug|Any CPU
		{60B18853-B2E3-41BF-B29A-8193B88CE4A1}.CI|ARM.ActiveCfg = Debug|Any CPU
		{60B18853-B2E3-41BF-B29A-8193B88CE4A1}.CI|ARM.Build.0 = Debug|Any CPU
		{60B18853-B2E3-41BF-B29A-8193B88CE4A1}.CI|x64.ActiveCfg = Debug|Any CPU
		{60B18853-B2E3-41BF-B29A-8193B88CE4A1}.CI|x64.Build.0 = Debug|Any CPU
		{60B18853-B2E3-41BF-B29A-8193B88CE4A1}.CI|x86.ActiveCfg = Debug|Any CPU
		{60B18853-B2E3-41BF-B29A-8193B88CE4A1}.CI|x86.Build.0 = Debug|Any CPU
		{60B18853-B2E3-41BF-B29A-8193B88CE4A1}.Debug|Any CPU.ActiveCfg = Debug|Any CPU
		{60B18853-B2E3-41BF-B29A-8193B88CE4A1}.Debug|Any CPU.Build.0 = Debug|Any CPU
		{60B18853-B2E3-41BF-B29A-8193B88CE4A1}.Debug|ARM.ActiveCfg = Debug|Any CPU
		{60B18853-B2E3-41BF-B29A-8193B88CE4A1}.Debug|ARM.Build.0 = Debug|Any CPU
		{60B18853-B2E3-41BF-B29A-8193B88CE4A1}.Debug|x64.ActiveCfg = Debug|Any CPU
		{60B18853-B2E3-41BF-B29A-8193B88CE4A1}.Debug|x64.Build.0 = Debug|Any CPU
		{60B18853-B2E3-41BF-B29A-8193B88CE4A1}.Debug|x86.ActiveCfg = Debug|Any CPU
		{60B18853-B2E3-41BF-B29A-8193B88CE4A1}.Debug|x86.Build.0 = Debug|Any CPU
		{60B18853-B2E3-41BF-B29A-8193B88CE4A1}.Dev|Any CPU.ActiveCfg = Debug|Any CPU
		{60B18853-B2E3-41BF-B29A-8193B88CE4A1}.Dev|Any CPU.Build.0 = Debug|Any CPU
		{60B18853-B2E3-41BF-B29A-8193B88CE4A1}.Dev|ARM.ActiveCfg = Debug|Any CPU
		{60B18853-B2E3-41BF-B29A-8193B88CE4A1}.Dev|ARM.Build.0 = Debug|Any CPU
		{60B18853-B2E3-41BF-B29A-8193B88CE4A1}.Dev|x64.ActiveCfg = Debug|Any CPU
		{60B18853-B2E3-41BF-B29A-8193B88CE4A1}.Dev|x64.Build.0 = Debug|Any CPU
		{60B18853-B2E3-41BF-B29A-8193B88CE4A1}.Dev|x86.ActiveCfg = Debug|Any CPU
		{60B18853-B2E3-41BF-B29A-8193B88CE4A1}.Dev|x86.Build.0 = Debug|Any CPU
		{60B18853-B2E3-41BF-B29A-8193B88CE4A1}.Devp4|Any CPU.ActiveCfg = Debug|Any CPU
		{60B18853-B2E3-41BF-B29A-8193B88CE4A1}.Devp4|Any CPU.Build.0 = Debug|Any CPU
		{60B18853-B2E3-41BF-B29A-8193B88CE4A1}.Devp4|ARM.ActiveCfg = Debug|Any CPU
		{60B18853-B2E3-41BF-B29A-8193B88CE4A1}.Devp4|ARM.Build.0 = Debug|Any CPU
		{60B18853-B2E3-41BF-B29A-8193B88CE4A1}.Devp4|x64.ActiveCfg = Debug|Any CPU
		{60B18853-B2E3-41BF-B29A-8193B88CE4A1}.Devp4|x64.Build.0 = Debug|Any CPU
		{60B18853-B2E3-41BF-B29A-8193B88CE4A1}.Devp4|x86.ActiveCfg = Debug|Any CPU
		{60B18853-B2E3-41BF-B29A-8193B88CE4A1}.Devp4|x86.Build.0 = Debug|Any CPU
		{60B18853-B2E3-41BF-B29A-8193B88CE4A1}.Release|Any CPU.ActiveCfg = Release|Any CPU
		{60B18853-B2E3-41BF-B29A-8193B88CE4A1}.Release|Any CPU.Build.0 = Release|Any CPU
		{60B18853-B2E3-41BF-B29A-8193B88CE4A1}.Release|ARM.ActiveCfg = Release|Any CPU
		{60B18853-B2E3-41BF-B29A-8193B88CE4A1}.Release|ARM.Build.0 = Release|Any CPU
		{60B18853-B2E3-41BF-B29A-8193B88CE4A1}.Release|x64.ActiveCfg = Release|Any CPU
		{60B18853-B2E3-41BF-B29A-8193B88CE4A1}.Release|x64.Build.0 = Release|Any CPU
		{60B18853-B2E3-41BF-B29A-8193B88CE4A1}.Release|x86.ActiveCfg = Release|Any CPU
		{60B18853-B2E3-41BF-B29A-8193B88CE4A1}.Release|x86.Build.0 = Release|Any CPU
	EndGlobalSection
	GlobalSection(SolutionProperties) = preSolution
		HideSolutionNode = FALSE
	EndGlobalSection
	GlobalSection(NestedProjects) = preSolution
		{2A4BD262-D6EB-4611-A28B-27B6DAEB089B} = {59F722D5-6E5C-4544-A849-18E7CE876FDF}
		{F4F82CCE-2E13-441B-939C-63CF2343B1C9} = {3C626068-E8CE-4F62-8974-F42A56F4EFD3}
		{01C3C379-C816-4779-942D-0263763F8EA5} = {3C626068-E8CE-4F62-8974-F42A56F4EFD3}
		{321C9CCF-6F9B-4751-AB34-882DEE982A7E} = {3C626068-E8CE-4F62-8974-F42A56F4EFD3}
		{CB2CB168-36C8-4D55-809C-7061CF4F6854} = {16A9EA72-79A5-448D-B7A3-55E7D8362479}
		{60B18853-B2E3-41BF-B29A-8193B88CE4A1} = {3135473A-60A6-48DB-BA63-BB6B238DDFD8}
	EndGlobalSection
	GlobalSection(ExtensibilityGlobals) = postSolution
		SolutionGuid = {2CBD5A8C-E3D2-41F2-9202-D9B8280AA317}
	EndGlobalSection
EndGlobal
